
Microsoft Visual Studio Solution File, Format Version 12.00
# Visual Studio Version 17
VisualStudioVersion = 17.9.34701.34
MinimumVisualStudioVersion = 10.0.40219.1
Project("{2150E333-8FDC-42A3-9474-1A3956D46DE8}") = "Services", "Services", "{3DB3731C-A32A-4C09-A70D-24453CDE538B}"
EndProject
Project("{2150E333-8FDC-42A3-9474-1A3956D46DE8}") = "Catalog", "Catalog", "{2F1D2F88-193D-4605-966F-F2BCD5F2C8EA}"
EndProject
Project("{9A19103F-16F7-4668-BE54-9A1E7A4F7556}") = "Catalog.API", "src\Services\Catalog\Catalog.API\Catalog.API.csproj", "{DC9169A4-3183-4031-82D7-56911D72F934}"
EndProject
Project("{2150E333-8FDC-42A3-9474-1A3956D46DE8}") = "BuildingBlocks", "BuildingBlocks", "{876A97CA-837C-405C-99DD-3A0EA0E4A9CD}"
EndProject
Project("{9A19103F-16F7-4668-BE54-9A1E7A4F7556}") = "BuildingBlocks", "BuildingBlocks\BuildingBlocks.csproj", "{1FF276CD-1D2B-46B9-9908-26CC34FE5D90}"
EndProject
Project("{E53339B2-1760-4266-BCC7-CA923CBCF16C}") = "docker-compose", "docker-compose.dcproj", "{00EE3E42-48A9-46A3-BD29-2F1D2856F4AD}"
EndProject
Global
	GlobalSection(SolutionConfigurationPlatforms) = preSolution
		Debug|Any CPU = Debug|Any CPU
		Release|Any CPU = Release|Any CPU
	EndGlobalSection
	GlobalSection(ProjectConfigurationPlatforms) = postSolution
		{DC9169A4-3183-4031-82D7-56911D72F934}.Debug|Any CPU.ActiveCfg = Debug|Any CPU
		{DC9169A4-3183-4031-82D7-56911D72F934}.Debug|Any CPU.Build.0 = Debug|Any CPU
		{DC9169A4-3183-4031-82D7-56911D72F934}.Release|Any CPU.ActiveCfg = Release|Any CPU
		{DC9169A4-3183-4031-82D7-56911D72F934}.Release|Any CPU.Build.0 = Release|Any CPU
		{1FF276CD-1D2B-46B9-9908-26CC34FE5D90}.Debug|Any CPU.ActiveCfg = Debug|Any CPU
		{1FF276CD-1D2B-46B9-9908-26CC34FE5D90}.Debug|Any CPU.Build.0 = Debug|Any CPU
		{1FF276CD-1D2B-46B9-9908-26CC34FE5D90}.Release|Any CPU.ActiveCfg = Release|Any CPU
		{1FF276CD-1D2B-46B9-9908-26CC34FE5D90}.Release|Any CPU.Build.0 = Release|Any CPU
		{00EE3E42-48A9-46A3-BD29-2F1D2856F4AD}.Debug|Any CPU.ActiveCfg = Debug|Any CPU
		{00EE3E42-48A9-46A3-BD29-2F1D2856F4AD}.Debug|Any CPU.Build.0 = Debug|Any CPU
		{00EE3E42-48A9-46A3-BD29-2F1D2856F4AD}.Release|Any CPU.ActiveCfg = Release|Any CPU
		{00EE3E42-48A9-46A3-BD29-2F1D2856F4AD}.Release|Any CPU.Build.0 = Release|Any CPU
	EndGlobalSection
	GlobalSection(SolutionProperties) = preSolution
		HideSolutionNode = FALSE
	EndGlobalSection
	GlobalSection(NestedProjects) = preSolution
		{2F1D2F88-193D-4605-966F-F2BCD5F2C8EA} = {3DB3731C-A32A-4C09-A70D-24453CDE538B}
		{DC9169A4-3183-4031-82D7-56911D72F934} = {2F1D2F88-193D-4605-966F-F2BCD5F2C8EA}
		{1FF276CD-1D2B-46B9-9908-26CC34FE5D90} = {876A97CA-837C-405C-99DD-3A0EA0E4A9CD}
	EndGlobalSection
	GlobalSection(ExtensibilityGlobals) = postSolution
		SolutionGuid = {BADA9B8F-C775-43A7-BD32-41698D725228}
	EndGlobalSection
EndGlobal
